<?xml version="1.0" encoding="utf-8"?>
<Project ToolsVersion="4.0" xmlns="http://schemas.microsoft.com/developer/msbuild/2003">
  <ItemGroup>
    <Filter Include="源文件">
      <UniqueIdentifier>{4FC737F1-C7A5-4376-A066-2A32D752A2FF}</UniqueIdentifier>
      <Extensions>cpp;c;cc;cxx;def;odl;idl;hpj;bat;asm;asmx</Extensions>
    </Filter>
    <Filter Include="资源文件">
      <UniqueIdentifier>{67DA6AB6-F800-4c08-8B7A-83BB121AAD01}</UniqueIdentifier>
      <Extensions>rc;ico;cur;bmp;dlg;rc2;rct;bin;rgs;gif;jpg;jpeg;jpe;resx;tiff;tif;png;wav;mfcribbon-ms</Extensions>
    </Filter>
    <Filter Include="ModuleFactory">
      <UniqueIdentifier>{31dc49e0-09ef-441b-af2d-0e867c690246}</UniqueIdentifier>
    </Filter>
    <Filter Include="MeshBuild">
      <UniqueIdentifier>{8e9d043b-1e58-422d-8f22-c67c4ef1d449}</UniqueIdentifier>
    </Filter>
    <Filter Include="Form">
      <UniqueIdentifier>{93995380-89BD-4b04-88EB-625FBE52EBFB}</UniqueIdentifier>
      <Extensions>h;hh;hpp;hxx;hm;inl;inc;xsd</Extensions>
    </Filter>
  </ItemGroup>
  <ItemGroup>
    <Text Include="ReadMe.txt" />
  </ItemGroup>
  <ItemGroup>
    <ClInclude Include="TinyCAD.h">
      <Filter>Form</Filter>
    </ClInclude>
    <ClInclude Include="stdafx.h">
      <Filter>Form</Filter>
    </ClInclude>
    <ClInclude Include="targetver.h">
      <Filter>Form</Filter>
    </ClInclude>
    <ClInclude Include="MainFrm.h">
      <Filter>Form</Filter>
    </ClInclude>
    <ClInclude Include="ChildFrm.h">
      <Filter>Form</Filter>
    </ClInclude>
    <ClInclude Include="TinyCADDoc.h">
      <Filter>Form</Filter>
    </ClInclude>
    <ClInclude Include="TinyCADView.h">
      <Filter>Form</Filter>
    </ClInclude>
    <ClInclude Include="Resource.h">
      <Filter>Form</Filter>
    </ClInclude>
    <ClInclude Include="FileView.h">
      <Filter>Form</Filter>
    </ClInclude>
    <ClInclude Include="ClassView.h">
      <Filter>Form</Filter>
    </ClInclude>
    <ClInclude Include="ViewTree.h">
      <Filter>Form</Filter>
    </ClInclude>
    <ClInclude Include="OutputWnd.h">
      <Filter>Form</Filter>
    </ClInclude>
    <ClInclude Include="PropertiesWnd.h">
      <Filter>Form</Filter>
    </ClInclude>
    <ClInclude Include="ModuleFactory.h">
      <Filter>ModuleFactory</Filter>
    </ClInclude>
    <ClInclude Include="ModuleInterface.h">
      <Filter>MeshBuild</Filter>
    </ClInclude>
    <ClInclude Include="MeshBuild_Sphere.h">
      <Filter>MeshBuild</Filter>
    </ClInclude>
    <ClInclude Include="MeshParam.h">
      <Filter>MeshBuild</Filter>
    </ClInclude>
    <ClInclude Include="NxComponentTree.h">
      <Filter>Form</Filter>
    </ClInclude>
    <ClInclude Include="SphereChreateDlg.h">
      <Filter>Form</Filter>
    </ClInclude>
  </ItemGroup>
  <ItemGroup>
    <ClCompile Include="TinyCAD.cpp">
      <Filter>源文件</Filter>
    </ClCompile>
    <ClCompile Include="stdafx.cpp">
      <Filter>源文件</Filter>
    </ClCompile>
    <ClCompile Include="MainFrm.cpp">
      <Filter>源文件</Filter>
    </ClCompile>
    <ClCompile Include="ChildFrm.cpp">
      <Filter>源文件</Filter>
    </ClCompile>
    <ClCompile Include="TinyCADDoc.cpp">
      <Filter>源文件</Filter>
    </ClCompile>
    <ClCompile Include="TinyCADView.cpp">
      <Filter>源文件</Filter>
    </ClCompile>
    <ClCompile Include="FileView.cpp">
      <Filter>源文件</Filter>
    </ClCompile>
    <ClCompile Include="ClassView.cpp">
      <Filter>源文件</Filter>
    </ClCompile>
    <ClCompile Include="ViewTree.cpp">
      <Filter>源文件</Filter>
    </ClCompile>
    <ClCompile Include="OutputWnd.cpp">
      <Filter>源文件</Filter>
    </ClCompile>
    <ClCompile Include="PropertiesWnd.cpp">
      <Filter>源文件</Filter>
    </ClCompile>
    <ClCompile Include="ModuleFactory.cpp">
      <Filter>ModuleFactory</Filter>
    </ClCompile>
    <ClCompile Include="MeshBuild_Sphere.cpp">
      <Filter>MeshBuild</Filter>
    </ClCompile>
    <ClCompile Include="NxComponentTree.cpp">
      <Filter>源文件</Filter>
    </ClCompile>
    <ClCompile Include="SphereChreateDlg.cpp">
      <Filter>源文件</Filter>
    </ClCompile>
  </ItemGroup>
  <ItemGroup>
    <None Include="TinyCAD.reg" />
    <None Include="res\TinyCAD.rc2">
      <Filter>资源文件</Filter>
    </None>
  </ItemGroup>
  <ItemGroup>
    <ResourceCompile Include="TinyCAD.rc">
      <Filter>资源文件</Filter>
    </ResourceCompile>
  </ItemGroup>
  <ItemGroup>
    <Image Include="res\file_view.ico">
      <Filter>资源文件</Filter>
    </Image>
    <Image Include="res\file_view_hc.ico">
      <Filter>资源文件</Filter>
    </Image>
    <Image Include="res\class_view.ico">
      <Filter>资源文件</Filter>
    </Image>
    <Image Include="res\class_view_hc.ico">
      <Filter>资源文件</Filter>
    </Image>
    <Image Include="res\fileview.bmp">
      <Filter>资源文件</Filter>
    </Image>
    <Image Include="res\fileview_hc.bmp">
      <Filter>资源文件</Filter>
    </Image>
    <Image Include="res\classview.bmp">
      <Filter>资源文件</Filter>
    </Image>
    <Image Include="res\classview_hc.bmp">
      <Filter>资源文件</Filter>
    </Image>
    <Image Include="res\explorer.bmp">
      <Filter>资源文件</Filter>
    </Image>
    <Image Include="res\explorer_hc.bmp">
      <Filter>资源文件</Filter>
    </Image>
    <Image Include="res\sort.bmp">
      <Filter>资源文件</Filter>
    </Image>
    <Image Include="res\sort_hc.bmp">
      <Filter>资源文件</Filter>
    </Image>
    <Image Include="res\menuimages.bmp">
      <Filter>资源文件</Filter>
    </Image>
    <Image Include="res\menuimages_hc.bmp">
      <Filter>资源文件</Filter>
    </Image>
    <Image Include="res\output_wnd.ico">
      <Filter>资源文件</Filter>
    </Image>
    <Image Include="res\output_wnd_hc.ico">
      <Filter>资源文件</Filter>
    </Image>
    <Image Include="res\properties_wnd.ico">
      <Filter>资源文件</Filter>
    </Image>
    <Image Include="res\properties_wnd_hc.ico">
      <Filter>资源文件</Filter>
    </Image>
    <Image Include="res\properties.bmp">
      <Filter>资源文件</Filter>
    </Image>
    <Image Include="res\properties_hc.bmp">
      <Filter>资源文件</Filter>
    </Image>
    <Image Include="UserImages.bmp">
      <Filter>资源文件</Filter>
    </Image>
    <Image Include="res\TinyCADDoc.ico">
      <Filter>资源文件</Filter>
    </Image>
    <Image Include="res\TinyCAD.ico">
      <Filter>资源文件</Filter>
    </Image>
    <Image Include="res\Toolbar.bmp">
      <Filter>资源文件</Filter>
    </Image>
    <Image Include="res\Toolbar256.bmp">
      <Filter>资源文件</Filter>
    </Image>
    <Image Include="res\toolbar1.bmp">
      <Filter>资源文件</Filter>
    </Image>
    <Image Include="res\icon1.ico">
      <Filter>资源文件</Filter>
    </Image>
    <Image Include="res\Sphere.ico">
      <Filter>资源文件</Filter>
    </Image>
    <Image Include="res\cube.ico">
      <Filter>资源文件</Filter>
    </Image>
    <Image Include="res\bmp00001.bmp">
      <Filter>资源文件</Filter>
    </Image>
    <Image Include="res\Sphere.bmp">
      <Filter>资源文件</Filter>
    </Image>
    <Image Include="res\Sphere_b.bmp">
      <Filter>资源文件</Filter>
    </Image>
    <Image Include="..\..\STUDY\TinyCAD\TinyCAD\res\toolbar1.bmp">
      <Filter>资源文件</Filter>
    </Image>
  </ItemGroup>
</Project>