<?xml version="1.0" encoding="utf-8"?>
<Project ToolsVersion="4.0" xmlns="http://schemas.microsoft.com/developer/msbuild/2003">
  <ItemGroup>
    <Filter Include="源文件">
      <UniqueIdentifier>{4FC737F1-C7A5-4376-A066-2A32D752A2FF}</UniqueIdentifier>
      <Extensions>cpp;c;cc;cxx;def;odl;idl;hpj;bat;asm;asmx</Extensions>
    </Filter>
    <Filter Include="头文件">
      <UniqueIdentifier>{93995380-89BD-4b04-88EB-625FBE52EBFB}</UniqueIdentifier>
      <Extensions>h;hh;hpp;hxx;hm;inl;inc;xsd</Extensions>
    </Filter>
    <Filter Include="资源文件">
      <UniqueIdentifier>{67DA6AB6-F800-4c08-8B7A-83BB121AAD01}</UniqueIdentifier>
      <Extensions>rc;ico;cur;bmp;dlg;rc2;rct;bin;rgs;gif;jpg;jpeg;jpe;resx;tiff;tif;png;wav;mfcribbon-ms</Extensions>
    </Filter>
    <Filter Include="Camera">
      <UniqueIdentifier>{9cea028b-1def-495d-bfc1-44053a5690e1}</UniqueIdentifier>
    </Filter>
    <Filter Include="MeshData">
      <UniqueIdentifier>{87a3ef3e-9bdf-4bb4-bb56-0a38629e0e62}</UniqueIdentifier>
    </Filter>
    <Filter Include="TextureControl">
      <UniqueIdentifier>{c92694df-6763-4a0c-91f8-e8c82b8d21ef}</UniqueIdentifier>
    </Filter>
    <Filter Include="MeshBuilder">
      <UniqueIdentifier>{d54ba792-0187-40c5-a9b8-52da599c1b5d}</UniqueIdentifier>
    </Filter>
  </ItemGroup>
  <ItemGroup>
    <Text Include="ReadMe.txt" />
  </ItemGroup>
  <ItemGroup>
    <ClInclude Include="stdafx.h">
      <Filter>头文件</Filter>
    </ClInclude>
    <ClInclude Include="targetver.h">
      <Filter>头文件</Filter>
    </ClInclude>
    <ClInclude Include="TinyRenderEngine.h">
      <Filter>头文件</Filter>
    </ClInclude>
    <ClInclude Include="TinyRenderInterface.h">
      <Filter>头文件</Filter>
    </ClInclude>
    <ClInclude Include="defines.h">
      <Filter>头文件</Filter>
    </ClInclude>
    <ClInclude Include="camera.h">
      <Filter>Camera</Filter>
    </ClInclude>
    <ClInclude Include="MeshData.h">
      <Filter>MeshData</Filter>
    </ClInclude>
    <ClInclude Include="structs.h">
      <Filter>头文件</Filter>
    </ClInclude>
    <ClInclude Include="TextureControl.h">
      <Filter>TextureControl</Filter>
    </ClInclude>
    <ClInclude Include="MeshBuild_Sphere.h">
      <Filter>头文件</Filter>
    </ClInclude>
  </ItemGroup>
  <ItemGroup>
    <ClCompile Include="stdafx.cpp">
      <Filter>源文件</Filter>
    </ClCompile>
    <ClCompile Include="TinyRenderEngine.cpp">
      <Filter>源文件</Filter>
    </ClCompile>
    <ClCompile Include="dllmain.cpp">
      <Filter>源文件</Filter>
    </ClCompile>
    <ClCompile Include="camera.cpp">
      <Filter>Camera</Filter>
    </ClCompile>
    <ClCompile Include="MeshData.cpp">
      <Filter>MeshData</Filter>
    </ClCompile>
    <ClCompile Include="TinyRenderInterface.cpp">
      <Filter>头文件</Filter>
    </ClCompile>
    <ClCompile Include="TextureControl.cpp">
      <Filter>TextureControl</Filter>
    </ClCompile>
    <ClCompile Include="MeshBuild_Sphere.cpp">
      <Filter>源文件</Filter>
    </ClCompile>
  </ItemGroup>
</Project>